// !$*UTF8*$!
{
	archiveVersion = 1;
	classes = {
	};
	objectVersion = 50;
	objects = {

/* Begin PBXBuildFile section */
		903D0F22232D2500009045C0 /* SDL2.framework in Frameworks */ = {isa = PBXBuildFile; fileRef = 903D0F21232D2500009045C0 /* SDL2.framework */; };
		903D1025232D297B009045C0 /* gae_nineslice.c in Sources */ = {isa = PBXBuildFile; fileRef = 903D0FEF232D2978009045C0 /* gae_nineslice.c */; };
		903D1026232D297B009045C0 /* gae_point.c in Sources */ = {isa = PBXBuildFile; fileRef = 903D0FF3232D2978009045C0 /* gae_point.c */; };
		903D1027232D297B009045C0 /* gae_array.c in Sources */ = {isa = PBXBuildFile; fileRef = 903D0FF4232D2978009045C0 /* gae_array.c */; };
		903D1028232D297B009045C0 /* gae_dlist.c in Sources */ = {isa = PBXBuildFile; fileRef = 903D0FF5232D2978009045C0 /* gae_dlist.c */; };
		903D1029232D297B009045C0 /* gae_sprite.c in Sources */ = {isa = PBXBuildFile; fileRef = 903D0FF6232D2978009045C0 /* gae_sprite.c */; };
		903D102A232D297B009045C0 /* gae_hashstring.c in Sources */ = {isa = PBXBuildFile; fileRef = 903D0FF7232D2978009045C0 /* gae_hashstring.c */; };
		903D102B232D297B009045C0 /* gae_timer.c in Sources */ = {isa = PBXBuildFile; fileRef = 903D0FFC232D2978009045C0 /* gae_timer.c */; };
		903D102C232D297B009045C0 /* gae_font.c in Sources */ = {isa = PBXBuildFile; fileRef = 903D0FFD232D2978009045C0 /* gae_font.c */; };
		903D102D232D297B009045C0 /* gae_list.c in Sources */ = {isa = PBXBuildFile; fileRef = 903D0FFF232D2978009045C0 /* gae_list.c */; };
		903D102E232D297B009045C0 /* gae_clock_linux.c in Sources */ = {isa = PBXBuildFile; fileRef = 903D1004232D2979009045C0 /* gae_clock_linux.c */; };
		903D102F232D297B009045C0 /* gae_memory.c in Sources */ = {isa = PBXBuildFile; fileRef = 903D1005232D2979009045C0 /* gae_memory.c */; };
		903D1030232D297B009045C0 /* gae_buffer.c in Sources */ = {isa = PBXBuildFile; fileRef = 903D1006232D2979009045C0 /* gae_buffer.c */; };
		903D1031232D297B009045C0 /* gae_file.c in Sources */ = {isa = PBXBuildFile; fileRef = 903D1007232D2979009045C0 /* gae_file.c */; };
		903D1032232D297B009045C0 /* gae_manager.c in Sources */ = {isa = PBXBuildFile; fileRef = 903D1008232D2979009045C0 /* gae_manager.c */; };
		903D1033232D297B009045C0 /* gae_camera.c in Sources */ = {isa = PBXBuildFile; fileRef = 903D1009232D2979009045C0 /* gae_camera.c */; };
		903D1034232D297B009045C0 /* gae_map.c in Sources */ = {isa = PBXBuildFile; fileRef = 903D100B232D2979009045C0 /* gae_map.c */; };
		903D1035232D297B009045C0 /* gae_system_sdl2.c in Sources */ = {isa = PBXBuildFile; fileRef = 903D100D232D2979009045C0 /* gae_system_sdl2.c */; };
		903D1036232D297B009045C0 /* gae_graphics_sdl2.c in Sources */ = {isa = PBXBuildFile; fileRef = 903D100E232D2979009045C0 /* gae_graphics_sdl2.c */; };
		903D1037232D297B009045C0 /* gae_grid.c in Sources */ = {isa = PBXBuildFile; fileRef = 903D1010232D2979009045C0 /* gae_grid.c */; };
		903D1038232D297B009045C0 /* gae_system.c in Sources */ = {isa = PBXBuildFile; fileRef = 903D1012232D297A009045C0 /* gae_system.c */; };
		903D1039232D297B009045C0 /* gae_state.c in Sources */ = {isa = PBXBuildFile; fileRef = 903D1017232D297A009045C0 /* gae_state.c */; };
		903D103A232D297B009045C0 /* gae_colour.c in Sources */ = {isa = PBXBuildFile; fileRef = 903D101B232D297A009045C0 /* gae_colour.c */; };
		903D103B232D297B009045C0 /* gae_events_sdl2.c in Sources */ = {isa = PBXBuildFile; fileRef = 903D101C232D297A009045C0 /* gae_events_sdl2.c */; };
		903D103C232D297B009045C0 /* gae_js.c in Sources */ = {isa = PBXBuildFile; fileRef = 903D101D232D297A009045C0 /* gae_js.c */; };
		903D103D232D297B009045C0 /* gae_button.c in Sources */ = {isa = PBXBuildFile; fileRef = 903D1020232D297B009045C0 /* gae_button.c */; };
		903D103E232D297B009045C0 /* gae_sprite_sheet.c in Sources */ = {isa = PBXBuildFile; fileRef = 903D1023232D297B009045C0 /* gae_sprite_sheet.c */; };
		903D103F232D297B009045C0 /* gae_stack.c in Sources */ = {isa = PBXBuildFile; fileRef = 903D1024232D297B009045C0 /* gae_stack.c */; };
		903D104E232D2990009045C0 /* fishy_shop.c in Sources */ = {isa = PBXBuildFile; fileRef = 903D1040232D298F009045C0 /* fishy_shop.c */; };
		903D104F232D2990009045C0 /* fishy_lake.c in Sources */ = {isa = PBXBuildFile; fileRef = 903D1042232D298F009045C0 /* fishy_lake.c */; };
		903D1050232D2990009045C0 /* fishy_reel.c in Sources */ = {isa = PBXBuildFile; fileRef = 903D1043232D298F009045C0 /* fishy_reel.c */; };
		903D1051232D2990009045C0 /* fishy_trophy.c in Sources */ = {isa = PBXBuildFile; fileRef = 903D1046232D298F009045C0 /* fishy_trophy.c */; };
		903D1052232D2990009045C0 /* fishy_splash.c in Sources */ = {isa = PBXBuildFile; fileRef = 903D1047232D298F009045C0 /* fishy_splash.c */; };
		903D1053232D2990009045C0 /* fishy_cast.c in Sources */ = {isa = PBXBuildFile; fileRef = 903D1048232D298F009045C0 /* fishy_cast.c */; };
		903D1054232D2990009045C0 /* fishy_land.c in Sources */ = {isa = PBXBuildFile; fileRef = 903D1049232D298F009045C0 /* fishy_land.c */; };
		903D1055232D2990009045C0 /* fishy_area.c in Sources */ = {isa = PBXBuildFile; fileRef = 903D104A232D298F009045C0 /* fishy_area.c */; };
		903D1056232D2990009045C0 /* fishy_timer.c in Sources */ = {isa = PBXBuildFile; fileRef = 903D104B232D298F009045C0 /* fishy_timer.c */; };
		903D1057232D2990009045C0 /* guimain.c in Sources */ = {isa = PBXBuildFile; fileRef = 903D104D232D298F009045C0 /* guimain.c */; };
/* End PBXBuildFile section */

/* Begin PBXCopyFilesBuildPhase section */
		903D0F12232D24CE009045C0 /* CopyFiles */ = {
			isa = PBXCopyFilesBuildPhase;
			buildActionMask = 2147483647;
			dstPath = /usr/share/man/man1/;
			dstSubfolderSpec = 0;
			files = (
			);
			runOnlyForDeploymentPostprocessing = 1;
		};
/* End PBXCopyFilesBuildPhase section */

/* Begin PBXFileReference section */
		903D0F14232D24CE009045C0 /* lowrezfishn */ = {isa = PBXFileReference; explicitFileType = "compiled.mach-o.executable"; includeInIndex = 0; path = lowrezfishn; sourceTree = BUILT_PRODUCTS_DIR; };
		903D0F21232D2500009045C0 /* SDL2.framework */ = {isa = PBXFileReference; lastKnownFileType = wrapper.framework; name = SDL2.framework; path = ../../../../../Library/Frameworks/SDL2.framework; sourceTree = "<group>"; };
		903D0FEC232D2977009045C0 /* gae_types.h */ = {isa = PBXFileReference; fileEncoding = 4; lastKnownFileType = sourcecode.c.h; name = gae_types.h; path = glesgae/gae_types.h; sourceTree = SOURCE_ROOT; };
		903D0FED232D2977009045C0 /* gae_camera.h */ = {isa = PBXFileReference; fileEncoding = 4; lastKnownFileType = sourcecode.c.h; name = gae_camera.h; path = glesgae/gae_camera.h; sourceTree = SOURCE_ROOT; };
		903D0FEE232D2977009045C0 /* gae_sprite.h */ = {isa = PBXFileReference; fileEncoding = 4; lastKnownFileType = sourcecode.c.h; name = gae_sprite.h; path = glesgae/gae_sprite.h; sourceTree = SOURCE_ROOT; };
		903D0FEF232D2978009045C0 /* gae_nineslice.c */ = {isa = PBXFileReference; fileEncoding = 4; lastKnownFileType = sourcecode.c.c; name = gae_nineslice.c; path = glesgae/gae_nineslice.c; sourceTree = SOURCE_ROOT; };
		903D0FF0232D2978009045C0 /* gae_sprite_sheet.h */ = {isa = PBXFileReference; fileEncoding = 4; lastKnownFileType = sourcecode.c.h; name = gae_sprite_sheet.h; path = glesgae/gae_sprite_sheet.h; sourceTree = SOURCE_ROOT; };
		903D0FF1232D2978009045C0 /* gae_clock.h */ = {isa = PBXFileReference; fileEncoding = 4; lastKnownFileType = sourcecode.c.h; name = gae_clock.h; path = glesgae/gae_clock.h; sourceTree = SOURCE_ROOT; };
		903D0FF2232D2978009045C0 /* gae_state.h */ = {isa = PBXFileReference; fileEncoding = 4; lastKnownFileType = sourcecode.c.h; name = gae_state.h; path = glesgae/gae_state.h; sourceTree = SOURCE_ROOT; };
		903D0FF3232D2978009045C0 /* gae_point.c */ = {isa = PBXFileReference; fileEncoding = 4; lastKnownFileType = sourcecode.c.c; name = gae_point.c; path = glesgae/gae_point.c; sourceTree = SOURCE_ROOT; };
		903D0FF4232D2978009045C0 /* gae_array.c */ = {isa = PBXFileReference; fileEncoding = 4; lastKnownFileType = sourcecode.c.c; name = gae_array.c; path = glesgae/gae_array.c; sourceTree = SOURCE_ROOT; };
		903D0FF5232D2978009045C0 /* gae_dlist.c */ = {isa = PBXFileReference; fileEncoding = 4; lastKnownFileType = sourcecode.c.c; name = gae_dlist.c; path = glesgae/gae_dlist.c; sourceTree = SOURCE_ROOT; };
		903D0FF6232D2978009045C0 /* gae_sprite.c */ = {isa = PBXFileReference; fileEncoding = 4; lastKnownFileType = sourcecode.c.c; name = gae_sprite.c; path = glesgae/gae_sprite.c; sourceTree = SOURCE_ROOT; };
		903D0FF7232D2978009045C0 /* gae_hashstring.c */ = {isa = PBXFileReference; fileEncoding = 4; lastKnownFileType = sourcecode.c.c; name = gae_hashstring.c; path = glesgae/gae_hashstring.c; sourceTree = SOURCE_ROOT; };
		903D0FF8232D2978009045C0 /* gae_array.h */ = {isa = PBXFileReference; fileEncoding = 4; lastKnownFileType = sourcecode.c.h; name = gae_array.h; path = glesgae/gae_array.h; sourceTree = SOURCE_ROOT; };
		903D0FF9232D2978009045C0 /* gae_graphics.h */ = {isa = PBXFileReference; fileEncoding = 4; lastKnownFileType = sourcecode.c.h; name = gae_graphics.h; path = glesgae/gae_graphics.h; sourceTree = SOURCE_ROOT; };
		903D0FFA232D2978009045C0 /* gae_list.h */ = {isa = PBXFileReference; fileEncoding = 4; lastKnownFileType = sourcecode.c.h; name = gae_list.h; path = glesgae/gae_list.h; sourceTree = SOURCE_ROOT; };
		903D0FFB232D2978009045C0 /* gae_file.h */ = {isa = PBXFileReference; fileEncoding = 4; lastKnownFileType = sourcecode.c.h; name = gae_file.h; path = glesgae/gae_file.h; sourceTree = SOURCE_ROOT; };
		903D0FFC232D2978009045C0 /* gae_timer.c */ = {isa = PBXFileReference; fileEncoding = 4; lastKnownFileType = sourcecode.c.c; name = gae_timer.c; path = glesgae/gae_timer.c; sourceTree = SOURCE_ROOT; };
		903D0FFD232D2978009045C0 /* gae_font.c */ = {isa = PBXFileReference; fileEncoding = 4; lastKnownFileType = sourcecode.c.c; name = gae_font.c; path = glesgae/gae_font.c; sourceTree = SOURCE_ROOT; };
		903D0FFE232D2978009045C0 /* gae_hashstring.h */ = {isa = PBXFileReference; fileEncoding = 4; lastKnownFileType = sourcecode.c.h; name = gae_hashstring.h; path = glesgae/gae_hashstring.h; sourceTree = SOURCE_ROOT; };
		903D0FFF232D2978009045C0 /* gae_list.c */ = {isa = PBXFileReference; fileEncoding = 4; lastKnownFileType = sourcecode.c.c; name = gae_list.c; path = glesgae/gae_list.c; sourceTree = SOURCE_ROOT; };
		903D1000232D2978009045C0 /* gae_graphics_sdl2.h */ = {isa = PBXFileReference; fileEncoding = 4; lastKnownFileType = sourcecode.c.h; name = gae_graphics_sdl2.h; path = glesgae/gae_graphics_sdl2.h; sourceTree = SOURCE_ROOT; };
		903D1001232D2978009045C0 /* gae_events.h */ = {isa = PBXFileReference; fileEncoding = 4; lastKnownFileType = sourcecode.c.h; name = gae_events.h; path = glesgae/gae_events.h; sourceTree = SOURCE_ROOT; };
		903D1002232D2978009045C0 /* gae_buffer.h */ = {isa = PBXFileReference; fileEncoding = 4; lastKnownFileType = sourcecode.c.h; name = gae_buffer.h; path = glesgae/gae_buffer.h; sourceTree = SOURCE_ROOT; };
		903D1003232D2979009045C0 /* gae_button.h */ = {isa = PBXFileReference; fileEncoding = 4; lastKnownFileType = sourcecode.c.h; name = gae_button.h; path = glesgae/gae_button.h; sourceTree = SOURCE_ROOT; };
		903D1004232D2979009045C0 /* gae_clock_linux.c */ = {isa = PBXFileReference; fileEncoding = 4; lastKnownFileType = sourcecode.c.c; name = gae_clock_linux.c; path = glesgae/gae_clock_linux.c; sourceTree = SOURCE_ROOT; };
		903D1005232D2979009045C0 /* gae_memory.c */ = {isa = PBXFileReference; fileEncoding = 4; lastKnownFileType = sourcecode.c.c; name = gae_memory.c; path = glesgae/gae_memory.c; sourceTree = SOURCE_ROOT; };
		903D1006232D2979009045C0 /* gae_buffer.c */ = {isa = PBXFileReference; fileEncoding = 4; lastKnownFileType = sourcecode.c.c; name = gae_buffer.c; path = glesgae/gae_buffer.c; sourceTree = SOURCE_ROOT; };
		903D1007232D2979009045C0 /* gae_file.c */ = {isa = PBXFileReference; fileEncoding = 4; lastKnownFileType = sourcecode.c.c; name = gae_file.c; path = glesgae/gae_file.c; sourceTree = SOURCE_ROOT; };
		903D1008232D2979009045C0 /* gae_manager.c */ = {isa = PBXFileReference; fileEncoding = 4; lastKnownFileType = sourcecode.c.c; name = gae_manager.c; path = glesgae/gae_manager.c; sourceTree = SOURCE_ROOT; };
		903D1009232D2979009045C0 /* gae_camera.c */ = {isa = PBXFileReference; fileEncoding = 4; lastKnownFileType = sourcecode.c.c; name = gae_camera.c; path = glesgae/gae_camera.c; sourceTree = SOURCE_ROOT; };
		903D100A232D2979009045C0 /* gae_rect.h */ = {isa = PBXFileReference; fileEncoding = 4; lastKnownFileType = sourcecode.c.h; name = gae_rect.h; path = glesgae/gae_rect.h; sourceTree = SOURCE_ROOT; };
		903D100B232D2979009045C0 /* gae_map.c */ = {isa = PBXFileReference; fileEncoding = 4; lastKnownFileType = sourcecode.c.c; name = gae_map.c; path = glesgae/gae_map.c; sourceTree = SOURCE_ROOT; };
		903D100C232D2979009045C0 /* gae_map.h */ = {isa = PBXFileReference; fileEncoding = 4; lastKnownFileType = sourcecode.c.h; name = gae_map.h; path = glesgae/gae_map.h; sourceTree = SOURCE_ROOT; };
		903D100D232D2979009045C0 /* gae_system_sdl2.c */ = {isa = PBXFileReference; fileEncoding = 4; lastKnownFileType = sourcecode.c.c; name = gae_system_sdl2.c; path = glesgae/gae_system_sdl2.c; sourceTree = SOURCE_ROOT; };
		903D100E232D2979009045C0 /* gae_graphics_sdl2.c */ = {isa = PBXFileReference; fileEncoding = 4; lastKnownFileType = sourcecode.c.c; name = gae_graphics_sdl2.c; path = glesgae/gae_graphics_sdl2.c; sourceTree = SOURCE_ROOT; };
		903D100F232D2979009045C0 /* gae.h */ = {isa = PBXFileReference; fileEncoding = 4; lastKnownFileType = sourcecode.c.h; name = gae.h; path = glesgae/gae.h; sourceTree = SOURCE_ROOT; };
		903D1010232D2979009045C0 /* gae_grid.c */ = {isa = PBXFileReference; fileEncoding = 4; lastKnownFileType = sourcecode.c.c; name = gae_grid.c; path = glesgae/gae_grid.c; sourceTree = SOURCE_ROOT; };
		903D1011232D297A009045C0 /* gae_manager.h */ = {isa = PBXFileReference; fileEncoding = 4; lastKnownFileType = sourcecode.c.h; name = gae_manager.h; path = glesgae/gae_manager.h; sourceTree = SOURCE_ROOT; };
		903D1012232D297A009045C0 /* gae_system.c */ = {isa = PBXFileReference; fileEncoding = 4; lastKnownFileType = sourcecode.c.c; name = gae_system.c; path = glesgae/gae_system.c; sourceTree = SOURCE_ROOT; };
		903D1013232D297A009045C0 /* gae_grid.h */ = {isa = PBXFileReference; fileEncoding = 4; lastKnownFileType = sourcecode.c.h; name = gae_grid.h; path = glesgae/gae_grid.h; sourceTree = SOURCE_ROOT; };
		903D1014232D297A009045C0 /* gae_nineslice.h */ = {isa = PBXFileReference; fileEncoding = 4; lastKnownFileType = sourcecode.c.h; name = gae_nineslice.h; path = glesgae/gae_nineslice.h; sourceTree = SOURCE_ROOT; };
		903D1015232D297A009045C0 /* gae_font.h */ = {isa = PBXFileReference; fileEncoding = 4; lastKnownFileType = sourcecode.c.h; name = gae_font.h; path = glesgae/gae_font.h; sourceTree = SOURCE_ROOT; };
		903D1016232D297A009045C0 /* gae_stack.h */ = {isa = PBXFileReference; fileEncoding = 4; lastKnownFileType = sourcecode.c.h; name = gae_stack.h; path = glesgae/gae_stack.h; sourceTree = SOURCE_ROOT; };
		903D1017232D297A009045C0 /* gae_state.c */ = {isa = PBXFileReference; fileEncoding = 4; lastKnownFileType = sourcecode.c.c; name = gae_state.c; path = glesgae/gae_state.c; sourceTree = SOURCE_ROOT; };
		903D1018232D297A009045C0 /* gae_colour.h */ = {isa = PBXFileReference; fileEncoding = 4; lastKnownFileType = sourcecode.c.h; name = gae_colour.h; path = glesgae/gae_colour.h; sourceTree = SOURCE_ROOT; };
		903D1019232D297A009045C0 /* gae_dlist.h */ = {isa = PBXFileReference; fileEncoding = 4; lastKnownFileType = sourcecode.c.h; name = gae_dlist.h; path = glesgae/gae_dlist.h; sourceTree = SOURCE_ROOT; };
		903D101A232D297A009045C0 /* gae_timer.h */ = {isa = PBXFileReference; fileEncoding = 4; lastKnownFileType = sourcecode.c.h; name = gae_timer.h; path = glesgae/gae_timer.h; sourceTree = SOURCE_ROOT; };
		903D101B232D297A009045C0 /* gae_colour.c */ = {isa = PBXFileReference; fileEncoding = 4; lastKnownFileType = sourcecode.c.c; name = gae_colour.c; path = glesgae/gae_colour.c; sourceTree = SOURCE_ROOT; };
		903D101C232D297A009045C0 /* gae_events_sdl2.c */ = {isa = PBXFileReference; fileEncoding = 4; lastKnownFileType = sourcecode.c.c; name = gae_events_sdl2.c; path = glesgae/gae_events_sdl2.c; sourceTree = SOURCE_ROOT; };
		903D101D232D297A009045C0 /* gae_js.c */ = {isa = PBXFileReference; fileEncoding = 4; lastKnownFileType = sourcecode.c.c; name = gae_js.c; path = glesgae/gae_js.c; sourceTree = SOURCE_ROOT; };
		903D101E232D297B009045C0 /* gae_memory.h */ = {isa = PBXFileReference; fileEncoding = 4; lastKnownFileType = sourcecode.c.h; name = gae_memory.h; path = glesgae/gae_memory.h; sourceTree = SOURCE_ROOT; };
		903D101F232D297B009045C0 /* gae_js.h */ = {isa = PBXFileReference; fileEncoding = 4; lastKnownFileType = sourcecode.c.h; name = gae_js.h; path = glesgae/gae_js.h; sourceTree = SOURCE_ROOT; };
		903D1020232D297B009045C0 /* gae_button.c */ = {isa = PBXFileReference; fileEncoding = 4; lastKnownFileType = sourcecode.c.c; name = gae_button.c; path = glesgae/gae_button.c; sourceTree = SOURCE_ROOT; };
		903D1021232D297B009045C0 /* gae_system.h */ = {isa = PBXFileReference; fileEncoding = 4; lastKnownFileType = sourcecode.c.h; name = gae_system.h; path = glesgae/gae_system.h; sourceTree = SOURCE_ROOT; };
		903D1022232D297B009045C0 /* gae_point.h */ = {isa = PBXFileReference; fileEncoding = 4; lastKnownFileType = sourcecode.c.h; name = gae_point.h; path = glesgae/gae_point.h; sourceTree = SOURCE_ROOT; };
		903D1023232D297B009045C0 /* gae_sprite_sheet.c */ = {isa = PBXFileReference; fileEncoding = 4; lastKnownFileType = sourcecode.c.c; name = gae_sprite_sheet.c; path = glesgae/gae_sprite_sheet.c; sourceTree = SOURCE_ROOT; };
		903D1024232D297B009045C0 /* gae_stack.c */ = {isa = PBXFileReference; fileEncoding = 4; lastKnownFileType = sourcecode.c.c; name = gae_stack.c; path = glesgae/gae_stack.c; sourceTree = SOURCE_ROOT; };
		903D1040232D298F009045C0 /* fishy_shop.c */ = {isa = PBXFileReference; fileEncoding = 4; lastKnownFileType = sourcecode.c.c; name = fishy_shop.c; path = src/fishy_shop.c; sourceTree = SOURCE_ROOT; };
		903D1041232D298F009045C0 /* fishy_area.h */ = {isa = PBXFileReference; fileEncoding = 4; lastKnownFileType = sourcecode.c.h; name = fishy_area.h; path = src/fishy_area.h; sourceTree = SOURCE_ROOT; };
		903D1042232D298F009045C0 /* fishy_lake.c */ = {isa = PBXFileReference; fileEncoding = 4; lastKnownFileType = sourcecode.c.c; name = fishy_lake.c; path = src/fishy_lake.c; sourceTree = SOURCE_ROOT; };
		903D1043232D298F009045C0 /* fishy_reel.c */ = {isa = PBXFileReference; fileEncoding = 4; lastKnownFileType = sourcecode.c.c; name = fishy_reel.c; path = src/fishy_reel.c; sourceTree = SOURCE_ROOT; };
		903D1044232D298F009045C0 /* fishy_structs.h */ = {isa = PBXFileReference; fileEncoding = 4; lastKnownFileType = sourcecode.c.h; name = fishy_structs.h; path = src/fishy_structs.h; sourceTree = SOURCE_ROOT; };
		903D1045232D298F009045C0 /* fishy_timer.h */ = {isa = PBXFileReference; fileEncoding = 4; lastKnownFileType = sourcecode.c.h; name = fishy_timer.h; path = src/fishy_timer.h; sourceTree = SOURCE_ROOT; };
		903D1046232D298F009045C0 /* fishy_trophy.c */ = {isa = PBXFileReference; fileEncoding = 4; lastKnownFileType = sourcecode.c.c; name = fishy_trophy.c; path = src/fishy_trophy.c; sourceTree = SOURCE_ROOT; };
		903D1047232D298F009045C0 /* fishy_splash.c */ = {isa = PBXFileReference; fileEncoding = 4; lastKnownFileType = sourcecode.c.c; name = fishy_splash.c; path = src/fishy_splash.c; sourceTree = SOURCE_ROOT; };
		903D1048232D298F009045C0 /* fishy_cast.c */ = {isa = PBXFileReference; fileEncoding = 4; lastKnownFileType = sourcecode.c.c; name = fishy_cast.c; path = src/fishy_cast.c; sourceTree = SOURCE_ROOT; };
		903D1049232D298F009045C0 /* fishy_land.c */ = {isa = PBXFileReference; fileEncoding = 4; lastKnownFileType = sourcecode.c.c; name = fishy_land.c; path = src/fishy_land.c; sourceTree = SOURCE_ROOT; };
		903D104A232D298F009045C0 /* fishy_area.c */ = {isa = PBXFileReference; fileEncoding = 4; lastKnownFileType = sourcecode.c.c; name = fishy_area.c; path = src/fishy_area.c; sourceTree = SOURCE_ROOT; };
		903D104B232D298F009045C0 /* fishy_timer.c */ = {isa = PBXFileReference; fileEncoding = 4; lastKnownFileType = sourcecode.c.c; name = fishy_timer.c; path = src/fishy_timer.c; sourceTree = SOURCE_ROOT; };
		903D104C232D298F009045C0 /* fishy_menu_main.h */ = {isa = PBXFileReference; fileEncoding = 4; lastKnownFileType = sourcecode.c.h; name = fishy_menu_main.h; path = src/fishy_menu_main.h; sourceTree = SOURCE_ROOT; };
		903D104D232D298F009045C0 /* guimain.c */ = {isa = PBXFileReference; fileEncoding = 4; lastKnownFileType = sourcecode.c.c; name = guimain.c; path = src/guimain.c; sourceTree = SOURCE_ROOT; };
/* End PBXFileReference section */

/* Begin PBXFrameworksBuildPhase section */
		903D0F11232D24CE009045C0 /* Frameworks */ = {
			isa = PBXFrameworksBuildPhase;
			buildActionMask = 2147483647;
			files = (
				903D0F22232D2500009045C0 /* SDL2.framework in Frameworks */,
			);
			runOnlyForDeploymentPostprocessing = 0;
		};
/* End PBXFrameworksBuildPhase section */

/* Begin PBXGroup section */
		903D0F0B232D24CD009045C0 = {
			isa = PBXGroup;
			children = (
				903D0F16232D24CE009045C0 /* lowrezfishn */,
				903D0F15232D24CE009045C0 /* Products */,
				903D0F20232D24FF009045C0 /* Frameworks */,
			);
			sourceTree = "<group>";
		};
		903D0F15232D24CE009045C0 /* Products */ = {
			isa = PBXGroup;
			children = (
				903D0F14232D24CE009045C0 /* lowrezfishn */,
			);
			name = Products;
			sourceTree = "<group>";
		};
		903D0F16232D24CE009045C0 /* lowrezfishn */ = {
			isa = PBXGroup;
			children = (
				903D0F3C232D25BA009045C0 /* glesgae */,
				903D0F23232D259A009045C0 /* src */,
			);
			path = lowrezfishn;
			sourceTree = "<group>";
		};
		903D0F20232D24FF009045C0 /* Frameworks */ = {
			isa = PBXGroup;
			children = (
				903D0F21232D2500009045C0 /* SDL2.framework */,
			);
			name = Frameworks;
			sourceTree = "<group>";
		};
		903D0F23232D259A009045C0 /* src */ = {
			isa = PBXGroup;
			children = (
				903D104A232D298F009045C0 /* fishy_area.c */,
				903D1041232D298F009045C0 /* fishy_area.h */,
				903D1048232D298F009045C0 /* fishy_cast.c */,
				903D1042232D298F009045C0 /* fishy_lake.c */,
				903D1049232D298F009045C0 /* fishy_land.c */,
				903D104C232D298F009045C0 /* fishy_menu_main.h */,
				903D1043232D298F009045C0 /* fishy_reel.c */,
				903D1040232D298F009045C0 /* fishy_shop.c */,
				903D1047232D298F009045C0 /* fishy_splash.c */,
				903D1044232D298F009045C0 /* fishy_structs.h */,
				903D104B232D298F009045C0 /* fishy_timer.c */,
				903D1045232D298F009045C0 /* fishy_timer.h */,
				903D1046232D298F009045C0 /* fishy_trophy.c */,
				903D104D232D298F009045C0 /* guimain.c */,
			);
			name = src;
			sourceTree = "<group>";
		};
		903D0F3C232D25BA009045C0 /* glesgae */ = {
			isa = PBXGroup;
			children = (
				903D0FF4232D2978009045C0 /* gae_array.c */,
				903D0FF8232D2978009045C0 /* gae_array.h */,
				903D1006232D2979009045C0 /* gae_buffer.c */,
				903D1002232D2978009045C0 /* gae_buffer.h */,
				903D1020232D297B009045C0 /* gae_button.c */,
				903D1003232D2979009045C0 /* gae_button.h */,
				903D1009232D2979009045C0 /* gae_camera.c */,
				903D0FED232D2977009045C0 /* gae_camera.h */,
				903D1004232D2979009045C0 /* gae_clock_linux.c */,
				903D0FF1232D2978009045C0 /* gae_clock.h */,
				903D101B232D297A009045C0 /* gae_colour.c */,
				903D1018232D297A009045C0 /* gae_colour.h */,
				903D0FF5232D2978009045C0 /* gae_dlist.c */,
				903D1019232D297A009045C0 /* gae_dlist.h */,
				903D101C232D297A009045C0 /* gae_events_sdl2.c */,
				903D1001232D2978009045C0 /* gae_events.h */,
				903D1007232D2979009045C0 /* gae_file.c */,
				903D0FFB232D2978009045C0 /* gae_file.h */,
				903D0FFD232D2978009045C0 /* gae_font.c */,
				903D1015232D297A009045C0 /* gae_font.h */,
				903D100E232D2979009045C0 /* gae_graphics_sdl2.c */,
				903D1000232D2978009045C0 /* gae_graphics_sdl2.h */,
				903D0FF9232D2978009045C0 /* gae_graphics.h */,
				903D1010232D2979009045C0 /* gae_grid.c */,
				903D1013232D297A009045C0 /* gae_grid.h */,
				903D0FF7232D2978009045C0 /* gae_hashstring.c */,
				903D0FFE232D2978009045C0 /* gae_hashstring.h */,
				903D101D232D297A009045C0 /* gae_js.c */,
				903D101F232D297B009045C0 /* gae_js.h */,
				903D0FFF232D2978009045C0 /* gae_list.c */,
				903D0FFA232D2978009045C0 /* gae_list.h */,
				903D1008232D2979009045C0 /* gae_manager.c */,
				903D1011232D297A009045C0 /* gae_manager.h */,
				903D100B232D2979009045C0 /* gae_map.c */,
				903D100C232D2979009045C0 /* gae_map.h */,
				903D1005232D2979009045C0 /* gae_memory.c */,
				903D101E232D297B009045C0 /* gae_memory.h */,
				903D0FEF232D2978009045C0 /* gae_nineslice.c */,
				903D1014232D297A009045C0 /* gae_nineslice.h */,
				903D0FF3232D2978009045C0 /* gae_point.c */,
				903D1022232D297B009045C0 /* gae_point.h */,
				903D100A232D2979009045C0 /* gae_rect.h */,
				903D1023232D297B009045C0 /* gae_sprite_sheet.c */,
				903D0FF0232D2978009045C0 /* gae_sprite_sheet.h */,
				903D0FF6232D2978009045C0 /* gae_sprite.c */,
				903D0FEE232D2977009045C0 /* gae_sprite.h */,
				903D1024232D297B009045C0 /* gae_stack.c */,
				903D1016232D297A009045C0 /* gae_stack.h */,
				903D1017232D297A009045C0 /* gae_state.c */,
				903D0FF2232D2978009045C0 /* gae_state.h */,
				903D100D232D2979009045C0 /* gae_system_sdl2.c */,
				903D1012232D297A009045C0 /* gae_system.c */,
				903D1021232D297B009045C0 /* gae_system.h */,
				903D0FFC232D2978009045C0 /* gae_timer.c */,
				903D101A232D297A009045C0 /* gae_timer.h */,
				903D0FEC232D2977009045C0 /* gae_types.h */,
				903D100F232D2979009045C0 /* gae.h */,
			);
			name = glesgae;
			sourceTree = "<group>";
		};
/* End PBXGroup section */

/* Begin PBXNativeTarget section */
		903D0F13232D24CE009045C0 /* lowrezfishn */ = {
			isa = PBXNativeTarget;
			buildConfigurationList = 903D0F1B232D24CE009045C0 /* Build configuration list for PBXNativeTarget "lowrezfishn" */;
			buildPhases = (
				903D0F10232D24CE009045C0 /* Sources */,
				903D0F11232D24CE009045C0 /* Frameworks */,
				903D0F12232D24CE009045C0 /* CopyFiles */,
			);
			buildRules = (
			);
			dependencies = (
			);
			name = lowrezfishn;
			productName = lowrezfishn;
			productReference = 903D0F14232D24CE009045C0 /* lowrezfishn */;
			productType = "com.apple.product-type.tool";
		};
/* End PBXNativeTarget section */

/* Begin PBXProject section */
		903D0F0C232D24CD009045C0 /* Project object */ = {
			isa = PBXProject;
			attributes = {
				LastUpgradeCheck = 1030;
				ORGANIZATIONNAME = "Arcade Badgers";
				TargetAttributes = {
					903D0F13232D24CE009045C0 = {
						CreatedOnToolsVersion = 10.3;
					};
				};
			};
			buildConfigurationList = 903D0F0F232D24CD009045C0 /* Build configuration list for PBXProject "lowrezfishn" */;
			compatibilityVersion = "Xcode 9.3";
			developmentRegion = en;
			hasScannedForEncodings = 0;
			knownRegions = (
				en,
			);
			mainGroup = 903D0F0B232D24CD009045C0;
			productRefGroup = 903D0F15232D24CE009045C0 /* Products */;
			projectDirPath = "";
			projectRoot = "";
			targets = (
				903D0F13232D24CE009045C0 /* lowrezfishn */,
			);
		};
/* End PBXProject section */

/* Begin PBXSourcesBuildPhase section */
		903D0F10232D24CE009045C0 /* Sources */ = {
			isa = PBXSourcesBuildPhase;
			buildActionMask = 2147483647;
			files = (
				903D1029232D297B009045C0 /* gae_sprite.c in Sources */,
				903D1035232D297B009045C0 /* gae_system_sdl2.c in Sources */,
				903D1057232D2990009045C0 /* guimain.c in Sources */,
				903D1038232D297B009045C0 /* gae_system.c in Sources */,
				903D102D232D297B009045C0 /* gae_list.c in Sources */,
				903D1028232D297B009045C0 /* gae_dlist.c in Sources */,
				903D104F232D2990009045C0 /* fishy_lake.c in Sources */,
				903D1032232D297B009045C0 /* gae_manager.c in Sources */,
				903D1050232D2990009045C0 /* fishy_reel.c in Sources */,
				903D1026232D297B009045C0 /* gae_point.c in Sources */,
				903D1055232D2990009045C0 /* fishy_area.c in Sources */,
				903D103E232D297B009045C0 /* gae_sprite_sheet.c in Sources */,
				903D1031232D297B009045C0 /* gae_file.c in Sources */,
				903D103D232D297B009045C0 /* gae_button.c in Sources */,
				903D1052232D2990009045C0 /* fishy_splash.c in Sources */,
				903D1033232D297B009045C0 /* gae_camera.c in Sources */,
				903D102E232D297B009045C0 /* gae_clock_linux.c in Sources */,
				903D1039232D297B009045C0 /* gae_state.c in Sources */,
				903D104E232D2990009045C0 /* fishy_shop.c in Sources */,
				903D103C232D297B009045C0 /* gae_js.c in Sources */,
				903D102C232D297B009045C0 /* gae_font.c in Sources */,
				903D103B232D297B009045C0 /* gae_events_sdl2.c in Sources */,
				903D1054232D2990009045C0 /* fishy_land.c in Sources */,
				903D103F232D297B009045C0 /* gae_stack.c in Sources */,
				903D102A232D297B009045C0 /* gae_hashstring.c in Sources */,
				903D1025232D297B009045C0 /* gae_nineslice.c in Sources */,
				903D1056232D2990009045C0 /* fishy_timer.c in Sources */,
				903D1036232D297B009045C0 /* gae_graphics_sdl2.c in Sources */,
				903D1037232D297B009045C0 /* gae_grid.c in Sources */,
				903D1027232D297B009045C0 /* gae_array.c in Sources */,
				903D102F232D297B009045C0 /* gae_memory.c in Sources */,
				903D1051232D2990009045C0 /* fishy_trophy.c in Sources */,
				903D1053232D2990009045C0 /* fishy_cast.c in Sources */,
				903D1030232D297B009045C0 /* gae_buffer.c in Sources */,
				903D102B232D297B009045C0 /* gae_timer.c in Sources */,
				903D103A232D297B009045C0 /* gae_colour.c in Sources */,
				903D1034232D297B009045C0 /* gae_map.c in Sources */,
			);
			runOnlyForDeploymentPostprocessing = 0;
		};
/* End PBXSourcesBuildPhase section */

/* Begin XCBuildConfiguration section */
		903D0F19232D24CE009045C0 /* Debug */ = {
			isa = XCBuildConfiguration;
			buildSettings = {
				ALWAYS_SEARCH_USER_PATHS = NO;
				CLANG_ANALYZER_NONNULL = YES;
				CLANG_ANALYZER_NUMBER_OBJECT_CONVERSION = YES_AGGRESSIVE;
				CLANG_CXX_LANGUAGE_STANDARD = "gnu++14";
				CLANG_CXX_LIBRARY = "libc++";
				CLANG_ENABLE_MODULES = YES;
				CLANG_ENABLE_OBJC_ARC = YES;
				CLANG_ENABLE_OBJC_WEAK = YES;
				CLANG_WARN_BLOCK_CAPTURE_AUTORELEASING = YES;
				CLANG_WARN_BOOL_CONVERSION = YES;
				CLANG_WARN_COMMA = YES;
				CLANG_WARN_CONSTANT_CONVERSION = YES;
				CLANG_WARN_DEPRECATED_OBJC_IMPLEMENTATIONS = YES;
				CLANG_WARN_DIRECT_OBJC_ISA_USAGE = YES_ERROR;
				CLANG_WARN_DOCUMENTATION_COMMENTS = YES;
				CLANG_WARN_EMPTY_BODY = YES;
				CLANG_WARN_ENUM_CONVERSION = YES;
				CLANG_WARN_INFINITE_RECURSION = YES;
				CLANG_WARN_INT_CONVERSION = YES;
				CLANG_WARN_NON_LITERAL_NULL_CONVERSION = YES;
				CLANG_WARN_OBJC_IMPLICIT_RETAIN_SELF = YES;
				CLANG_WARN_OBJC_LITERAL_CONVERSION = YES;
				CLANG_WARN_OBJC_ROOT_CLASS = YES_ERROR;
				CLANG_WARN_RANGE_LOOP_ANALYSIS = YES;
				CLANG_WARN_STRICT_PROTOTYPES = YES;
				CLANG_WARN_SUSPICIOUS_MOVE = YES;
				CLANG_WARN_UNGUARDED_AVAILABILITY = YES_AGGRESSIVE;
				CLANG_WARN_UNREACHABLE_CODE = YES;
				CLANG_WARN__DUPLICATE_METHOD_MATCH = YES;
				CODE_SIGN_IDENTITY = "Mac Developer";
				COPY_PHASE_STRIP = NO;
				DEBUG_INFORMATION_FORMAT = dwarf;
				ENABLE_STRICT_OBJC_MSGSEND = YES;
				ENABLE_TESTABILITY = YES;
				GCC_C_LANGUAGE_STANDARD = gnu11;
				GCC_DYNAMIC_NO_PIC = NO;
				GCC_NO_COMMON_BLOCKS = YES;
				GCC_OPTIMIZATION_LEVEL = 0;
				GCC_PREPROCESSOR_DEFINITIONS = (
					"DEBUG=1",
					"$(inherited)",
				);
				GCC_WARN_64_TO_32_BIT_CONVERSION = YES;
				GCC_WARN_ABOUT_RETURN_TYPE = YES_ERROR;
				GCC_WARN_UNDECLARED_SELECTOR = YES;
				GCC_WARN_UNINITIALIZED_AUTOS = YES_AGGRESSIVE;
				GCC_WARN_UNUSED_FUNCTION = YES;
				GCC_WARN_UNUSED_VARIABLE = YES;
				MACOSX_DEPLOYMENT_TARGET = 10.14;
				MTL_ENABLE_DEBUG_INFO = INCLUDE_SOURCE;
				MTL_FAST_MATH = YES;
				ONLY_ACTIVE_ARCH = YES;
				SDKROOT = macosx;
			};
			name = Debug;
		};
		903D0F1A232D24CE009045C0 /* Release */ = {
			isa = XCBuildConfiguration;
			buildSettings = {
				ALWAYS_SEARCH_USER_PATHS = NO;
				CLANG_ANALYZER_NONNULL = YES;
				CLANG_ANALYZER_NUMBER_OBJECT_CONVERSION = YES_AGGRESSIVE;
				CLANG_CXX_LANGUAGE_STANDARD = "gnu++14";
				CLANG_CXX_LIBRARY = "libc++";
				CLANG_ENABLE_MODULES = YES;
				CLANG_ENABLE_OBJC_ARC = YES;
				CLANG_ENABLE_OBJC_WEAK = YES;
				CLANG_WARN_BLOCK_CAPTURE_AUTORELEASING = YES;
				CLANG_WARN_BOOL_CONVERSION = YES;
				CLANG_WARN_COMMA = YES;
				CLANG_WARN_CONSTANT_CONVERSION = YES;
				CLANG_WARN_DEPRECATED_OBJC_IMPLEMENTATIONS = YES;
				CLANG_WARN_DIRECT_OBJC_ISA_USAGE = YES_ERROR;
				CLANG_WARN_DOCUMENTATION_COMMENTS = YES;
				CLANG_WARN_EMPTY_BODY = YES;
				CLANG_WARN_ENUM_CONVERSION = YES;
				CLANG_WARN_INFINITE_RECURSION = YES;
				CLANG_WARN_INT_CONVERSION = YES;
				CLANG_WARN_NON_LITERAL_NULL_CONVERSION = YES;
				CLANG_WARN_OBJC_IMPLICIT_RETAIN_SELF = YES;
				CLANG_WARN_OBJC_LITERAL_CONVERSION = YES;
				CLANG_WARN_OBJC_ROOT_CLASS = YES_ERROR;
				CLANG_WARN_RANGE_LOOP_ANALYSIS = YES;
				CLANG_WARN_STRICT_PROTOTYPES = YES;
				CLANG_WARN_SUSPICIOUS_MOVE = YES;
				CLANG_WARN_UNGUARDED_AVAILABILITY = YES_AGGRESSIVE;
				CLANG_WARN_UNREACHABLE_CODE = YES;
				CLANG_WARN__DUPLICATE_METHOD_MATCH = YES;
				CODE_SIGN_IDENTITY = "Mac Developer";
				COPY_PHASE_STRIP = NO;
				DEBUG_INFORMATION_FORMAT = "dwarf-with-dsym";
				ENABLE_NS_ASSERTIONS = NO;
				ENABLE_STRICT_OBJC_MSGSEND = YES;
				GCC_C_LANGUAGE_STANDARD = gnu11;
				GCC_NO_COMMON_BLOCKS = YES;
				GCC_WARN_64_TO_32_BIT_CONVERSION = YES;
				GCC_WARN_ABOUT_RETURN_TYPE = YES_ERROR;
				GCC_WARN_UNDECLARED_SELECTOR = YES;
				GCC_WARN_UNINITIALIZED_AUTOS = YES_AGGRESSIVE;
				GCC_WARN_UNUSED_FUNCTION = YES;
				GCC_WARN_UNUSED_VARIABLE = YES;
				MACOSX_DEPLOYMENT_TARGET = 10.14;
				MTL_ENABLE_DEBUG_INFO = NO;
				MTL_FAST_MATH = YES;
				SDKROOT = macosx;
			};
			name = Release;
		};
		903D0F1C232D24CE009045C0 /* Debug */ = {
			isa = XCBuildConfiguration;
			buildSettings = {
				CODE_SIGN_STYLE = Automatic;
				DEVELOPMENT_TEAM = KXXXHQ56ZK;
				FRAMEWORK_SEARCH_PATHS = (
					"$(inherited)",
					"$(LOCAL_LIBRARY_DIR)/Frameworks",
				);
				MACOSX_DEPLOYMENT_TARGET = 10.12;
				PRODUCT_NAME = "$(TARGET_NAME)";
			};
			name = Debug;
		};
		903D0F1D232D24CE009045C0 /* Release */ = {
			isa = XCBuildConfiguration;
			buildSettings = {
				CODE_SIGN_STYLE = Automatic;
				DEVELOPMENT_TEAM = KXXXHQ56ZK;
				FRAMEWORK_SEARCH_PATHS = (
					"$(inherited)",
					"$(LOCAL_LIBRARY_DIR)/Frameworks",
				);
				MACOSX_DEPLOYMENT_TARGET = 10.12;
				PRODUCT_NAME = "$(TARGET_NAME)";
			};
			name = Release;
		};
/* End XCBuildConfiguration section */

/* Begin XCConfigurationList section */
		903D0F0F232D24CD009045C0 /* Build configuration list for PBXProject "lowrezfishn" */ = {
			isa = XCConfigurationList;
			buildConfigurations = (
				903D0F19232D24CE009045C0 /* Debug */,
				903D0F1A232D24CE009045C0 /* Release */,
			);
			defaultConfigurationIsVisible = 0;
			defaultConfigurationName = Release;
		};
		903D0F1B232D24CE009045C0 /* Build configuration list for PBXNativeTarget "lowrezfishn" */ = {
			isa = XCConfigurationList;
			buildConfigurations = (
				903D0F1C232D24CE009045C0 /* Debug */,
				903D0F1D232D24CE009045C0 /* Release */,
			);
			defaultConfigurationIsVisible = 0;
			defaultConfigurationName = Release;
		};
/* End XCConfigurationList section */
	};
	rootObject = 903D0F0C232D24CD009045C0 /* Project object */;
}
